
Microsoft Visual Studio Solution File, Format Version 12.00
# Visual Studio Version 16
VisualStudioVersion = 16.0.28531.58
MinimumVisualStudioVersion = 10.0.40219.1
Project("{FAE04EC0-301F-11D3-BF4B-00C04F79EFBC}") = "BinaryRemover", "BinaryRemover\BinaryRemover.csproj", "{F11DC025-61C5-4400-8AA7-E52BF63DC6BD}"
EndProject
Global
	GlobalSection(SolutionConfigurationPlatforms) = preSolution
		Debug|Any CPU = Debug|Any CPU
		Release|Any CPU = Release|Any CPU
	EndGlobalSection
	GlobalSection(ProjectConfigurationPlatforms) = postSolution
		{F11DC025-61C5-4400-8AA7-E52BF63DC6BD}.Debug|Any CPU.ActiveCfg = Debug|Any CPU
		{F11DC025-61C5-4400-8AA7-E52BF63DC6BD}.Debug|Any CPU.Build.0 = Debug|Any CPU
		{F11DC025-61C5-4400-8AA7-E52BF63DC6BD}.Release|Any CPU.ActiveCfg = Release|Any CPU
		{F11DC025-61C5-4400-8AA7-E52BF63DC6BD}.Release|Any CPU.Build.0 = Release|Any CPU
	EndGlobalSection
	GlobalSection(SolutionProperties) = preSolution
		HideSolutionNode = FALSE
	EndGlobalSection
	GlobalSection(ExtensibilityGlobals) = postSolution
		SolutionGuid = {22F094EA-5622-4258-BC0D-FAE2480FF40B}
	EndGlobalSection
EndGlobal
